
Microsoft Visual Studio Solution File, Format Version 12.00
# Visual Studio 15
VisualStudioVersion = 15.0.27703.2026
MinimumVisualStudioVersion = 10.0.40219.1
Project("{8BC9CEB8-8B4A-11D0-8D11-00A0C91BC942}") = "FrostRenderMulti-ThreadSample", "FrostRenderMulti-ThreadSample\FrostRenderMulti-ThreadSample.vcxproj", "{02FAA457-646F-45AB-8590-045DF84B76D6}"
EndProject
Global
	GlobalSection(SolutionConfigurationPlatforms) = preSolution
		Debug|x64 = Debug|x64
		Debug|x86 = Debug|x86
		Release|x64 = Release|x64
		Release|x86 = Release|x86
	EndGlobalSection
	GlobalSection(ProjectConfigurationPlatforms) = postSolution
		{02FAA457-646F-45AB-8590-045DF84B76D6}.Debug|x64.ActiveCfg = Debug|x64
		{02FAA457-646F-45AB-8590-045DF84B76D6}.Debug|x64.Build.0 = Debug|x64
		{02FAA457-646F-45AB-8590-045DF84B76D6}.Debug|x86.ActiveCfg = Debug|Win32
		{02FAA457-646F-45AB-8590-045DF84B76D6}.Debug|x86.Build.0 = Debug|Win32
		{02FAA457-646F-45AB-8590-045DF84B76D6}.Release|x64.ActiveCfg = Release|x64
		{02FAA457-646F-45AB-8590-045DF84B76D6}.Release|x64.Build.0 = Release|x64
		{02FAA457-646F-45AB-8590-045DF84B76D6}.Release|x86.ActiveCfg = Release|Win32
		{02FAA457-646F-45AB-8590-045DF84B76D6}.Release|x86.Build.0 = Release|Win32
	EndGlobalSection
	GlobalSection(SolutionProperties) = preSolution
		HideSolutionNode = FALSE
	EndGlobalSection
	GlobalSection(ExtensibilityGlobals) = postSolution
		SolutionGuid = {69AF51B5-7BDB-4DE4-83BE-F5EA7795F8FB}
	EndGlobalSection
EndGlobal
